{
  "name": "signal-controller",
  "version": "1.0.0",
  "lockfileVersion": 3,
  "requires": true,
  "packages": {
    "": {
      "name": "signal-controller",
      "version": "1.0.0",
      "license": "ISC",
      "dependencies": {
        "@opencode-ai/sdk": "^1.2.22"
      }
    },
    "node_modules/@opencode-ai/sdk": {
      "version": "1.2.22",
      "resolved": "https://registry.npmjs.org/@opencode-ai/sdk/-/sdk-1.2.22.tgz",
      "integrity": "sha512-EXI1+Rc9dkzKo9uDj0EA4pLUCQJS2Qi8/xKwsT6RNZPBpSau05HVPWlZ+t8WyLW4fWymiho8jsXSErfKOpyCsw==",
      "license": "MIT"
    }
  }
}
